
Microsoft Visual Studio Solution File, Format Version 12.00
# Visual Studio Version 16
VisualStudioVersion = 16.0.29519.87
MinimumVisualStudioVersion = 10.0.40219.1
Project("{9A19103F-16F7-4668-BE54-9A1E7A4F7556}") = "ProductWebApplication", "ProductWebApplication.csproj", "{83EB4530-4016-4868-8382-515814898F51}"
EndProject
Project("{00D1A9C2-B5F0-4AF3-8072-F6C62B433612}") = "ProductDB", "..\ProductDB\ProductDB.sqlproj", "{680FA814-94A8-4460-891E-6425F5FA967F}"
EndProject
Project("{FAE04EC0-301F-11D3-BF4B-00C04F79EFBC}") = "ProductManagement", "..\ProductManagement\ProductManagement.csproj", "{DBC31E2D-F236-4958-AF13-A6C84AEE406A}"
EndProject
Global
	GlobalSection(SolutionConfigurationPlatforms) = preSolution
		Debug|Any CPU = Debug|Any CPU
		Release|Any CPU = Release|Any CPU
	EndGlobalSection
	GlobalSection(ProjectConfigurationPlatforms) = postSolution
		{83EB4530-4016-4868-8382-515814898F51}.Debug|Any CPU.ActiveCfg = Debug|Any CPU
		{83EB4530-4016-4868-8382-515814898F51}.Debug|Any CPU.Build.0 = Debug|Any CPU
		{83EB4530-4016-4868-8382-515814898F51}.Release|Any CPU.ActiveCfg = Release|Any CPU
		{83EB4530-4016-4868-8382-515814898F51}.Release|Any CPU.Build.0 = Release|Any CPU
		{680FA814-94A8-4460-891E-6425F5FA967F}.Debug|Any CPU.ActiveCfg = Debug|Any CPU
		{680FA814-94A8-4460-891E-6425F5FA967F}.Debug|Any CPU.Build.0 = Debug|Any CPU
		{680FA814-94A8-4460-891E-6425F5FA967F}.Debug|Any CPU.Deploy.0 = Debug|Any CPU
		{680FA814-94A8-4460-891E-6425F5FA967F}.Release|Any CPU.ActiveCfg = Release|Any CPU
		{680FA814-94A8-4460-891E-6425F5FA967F}.Release|Any CPU.Build.0 = Release|Any CPU
		{680FA814-94A8-4460-891E-6425F5FA967F}.Release|Any CPU.Deploy.0 = Release|Any CPU
		{DBC31E2D-F236-4958-AF13-A6C84AEE406A}.Debug|Any CPU.ActiveCfg = Debug|Any CPU
		{DBC31E2D-F236-4958-AF13-A6C84AEE406A}.Debug|Any CPU.Build.0 = Debug|Any CPU
		{DBC31E2D-F236-4958-AF13-A6C84AEE406A}.Release|Any CPU.ActiveCfg = Release|Any CPU
		{DBC31E2D-F236-4958-AF13-A6C84AEE406A}.Release|Any CPU.Build.0 = Release|Any CPU
	EndGlobalSection
	GlobalSection(SolutionProperties) = preSolution
		HideSolutionNode = FALSE
	EndGlobalSection
	GlobalSection(ExtensibilityGlobals) = postSolution
		SolutionGuid = {AA6CCE9E-DD1A-4B07-A6E0-2AAFB2E9D24F}
	EndGlobalSection
EndGlobal
